
Microsoft Visual Studio Solution File, Format Version 12.00
# Visual Studio Version 17
VisualStudioVersion = 17.4.33213.308
MinimumVisualStudioVersion = 10.0.40219.1
Project("{FAE04EC0-301F-11D3-BF4B-00C04F79EFBC}") = "Registration System", "Registration System.csproj", "{BFB96FB4-CA35-4739-A1D1-28C269033337}"
EndProject
Global
	GlobalSection(SolutionConfigurationPlatforms) = preSolution
		Debug|Any CPU = Debug|Any CPU
		Release|Any CPU = Release|Any CPU
	EndGlobalSection
	GlobalSection(ProjectConfigurationPlatforms) = postSolution
		{BFB96FB4-CA35-4739-A1D1-28C269033337}.Debug|Any CPU.ActiveCfg = Debug|Any CPU
		{BFB96FB4-CA35-4739-A1D1-28C269033337}.Debug|Any CPU.Build.0 = Debug|Any CPU
		{BFB96FB4-CA35-4739-A1D1-28C269033337}.Release|Any CPU.ActiveCfg = Release|Any CPU
		{BFB96FB4-CA35-4739-A1D1-28C269033337}.Release|Any CPU.Build.0 = Release|Any CPU
	EndGlobalSection
	GlobalSection(SolutionProperties) = preSolution
		HideSolutionNode = FALSE
	EndGlobalSection
	GlobalSection(ExtensibilityGlobals) = postSolution
		SolutionGuid = {1D9E0726-461E-4176-9A26-AAD2627C14E9}
	EndGlobalSection
EndGlobal
